{
  "version": 4,
  "terraform_version": "1.7.4",
  "serial": 617,
  "lineage": "8f61b572-5f68-9d1a-c556-69a28513285f",
  "outputs": {
    "Ansible_AppServer_Private_IP": {
      "value": "172.31.5.252",
      "type": "string"
    },
    "Ansible_Appserver_Public_IP": {
      "value": "54.195.233.213",
      "type": "string"
    },
    "Ansible_Controller_Public_IP": {
      "value": "3.255.145.120",
      "type": "string"
    },
    "Ansible_WebServer_Private_IP": {
      "value": "172.31.11.196",
      "type": "string"
    },
    "Ansible_Webserver_Public_IP": {
      "value": "3.254.83.205",
      "type": "string"
    }
  },
  "resources": [
    {
      "mode": "data",
      "type": "aws_ami",
      "name": "aws-linux-2-latest",
      "provider": "provider[\"registry.terraform.io/hashicorp/aws\"]",
      "instances": [
        {
          "schema_version": 0,
          "attributes": {
            "architecture": "x86_64",
            "arn": "arn:aws:ec2:eu-west-1::image/ami-01d7b3abeb9d86b41",
            "block_device_mappings": [
              {
                "device_name": "/dev/xvda",
                "ebs": {
                  "delete_on_termination": "true",
                  "encrypted": "false",
                  "iops": "0",
                  "snapshot_id": "snap-072fc804e5974ae50",
                  "throughput": "0",
                  "volume_size": "8",
                  "volume_type": "gp2"
                },
                "no_device": "",
                "virtual_name": ""
              }
            ],
            "creation_date": "2024-03-07T20:05:26.000Z",
            "description": "Amazon Linux 2 AMI 2.0.20240306.2 x86_64 HVM gp2",
            "ena_support": true,
            "executable_users": null,
            "filter": [
              {
                "name": "name",
                "values": [
                  "amzn2-ami-hvm-*"
                ]
              }
            ],
            "hypervisor": "xen",
            "id": "ami-01d7b3abeb9d86b41",
            "image_id": "ami-01d7b3abeb9d86b41",
            "image_location": "amazon/amzn2-ami-hvm-2.0.20240306.2-x86_64-gp2",
            "image_owner_alias": "amazon",
            "image_type": "machine",
            "kernel_id": null,
            "most_recent": true,
            "name": "amzn2-ami-hvm-2.0.20240306.2-x86_64-gp2",
            "name_regex": null,
            "owner_id": "137112412989",
            "owners": [
              "amazon"
            ],
            "platform": null,
            "platform_details": "Linux/UNIX",
            "product_codes": [],
            "public": true,
            "ramdisk_id": null,
            "root_device_name": "/dev/xvda",
            "root_device_type": "ebs",
            "root_snapshot_id": "snap-072fc804e5974ae50",
            "sriov_net_support": "simple",
            "state": "available",
            "state_reason": {
              "code": "UNSET",
              "message": "UNSET"
            },
            "tags": {},
            "usage_operation": "RunInstances",
            "virtualization_type": "hvm"
          },
          "sensitive_attributes": []
        }
      ]
    },
    {
      "mode": "managed",
      "type": "aws_instance",
      "name": "AnsibleController",
      "provider": "provider[\"registry.terraform.io/hashicorp/aws\"]",
      "instances": [
        {
          "schema_version": 1,
          "attributes": {
            "ami": "ami-01d7b3abeb9d86b41",
            "arn": "arn:aws:ec2:eu-west-1:747678397339:instance/i-0783e585af9503553",
            "associate_public_ip_address": true,
            "availability_zone": "eu-west-1b",
            "capacity_reservation_specification": [
              {
                "capacity_reservation_preference": "open",
                "capacity_reservation_target": []
              }
            ],
            "cpu_core_count": 1,
            "cpu_threads_per_core": 1,
            "credit_specification": [
              {
                "cpu_credits": "standard"
              }
            ],
            "disable_api_termination": false,
            "ebs_block_device": [],
            "ebs_optimized": false,
            "enclave_options": [
              {
                "enabled": false
              }
            ],
            "ephemeral_block_device": [],
            "get_password_data": false,
            "hibernation": false,
            "host_id": null,
            "iam_instance_profile": "",
            "id": "i-0783e585af9503553",
            "instance_initiated_shutdown_behavior": "stop",
            "instance_state": "running",
            "instance_type": "t2.micro",
            "ipv6_address_count": 0,
            "ipv6_addresses": [],
            "key_name": "",
            "launch_template": [],
            "metadata_options": [
              {
                "http_endpoint": "enabled",
                "http_put_response_hop_limit": 1,
                "http_tokens": "optional",
                "instance_metadata_tags": "disabled"
              }
            ],
            "monitoring": false,
            "network_interface": [],
            "outpost_arn": "",
            "password_data": "",
            "placement_group": "",
            "placement_partition_number": null,
            "primary_network_interface_id": "eni-05ff37b595c21b124",
            "private_dns": "ip-172-31-10-46.eu-west-1.compute.internal",
            "private_ip": "172.31.10.46",
            "public_dns": "ec2-3-255-145-120.eu-west-1.compute.amazonaws.com",
            "public_ip": "3.255.145.120",
            "root_block_device": [
              {
                "delete_on_termination": true,
                "device_name": "/dev/xvda",
                "encrypted": false,
                "iops": 100,
                "kms_key_id": "",
                "tags": {},
                "throughput": 0,
                "volume_id": "vol-072d16e258fc12696",
                "volume_size": 8,
                "volume_type": "gp2"
              }
            ],
            "secondary_private_ips": [],
            "security_groups": [
              "Ansible Security Group"
            ],
            "source_dest_check": true,
            "subnet_id": "subnet-005c249855123e9ae",
            "tags": {
              "Name": "Ansible-ControlNode"
            },
            "tags_all": {
              "Name": "Ansible-ControlNode"
            },
            "tenancy": "default",
            "timeouts": null,
            "user_data": "6e6badcccbfab9f2335bef920924dec42361b7b3",
            "user_data_base64": null,
            "volume_tags": null,
            "vpc_security_group_ids": [
              "sg-0e3c72138da87c20f"
            ]
          },
          "sensitive_attributes": [],
          "private": "eyJlMmJmYjczMC1lY2FhLTExZTYtOGY4OC0zNDM2M2JjN2M0YzAiOnsiY3JlYXRlIjo2MDAwMDAwMDAwMDAsImRlbGV0ZSI6MTIwMDAwMDAwMDAwMCwidXBkYXRlIjo2MDAwMDAwMDAwMDB9LCJzY2hlbWFfdmVyc2lvbiI6IjEifQ==",
          "dependencies": [
            "aws_security_group.MyLab_Sec_Group",
            "data.aws_ami.aws-linux-2-latest"
          ]
        }
      ]
    },
    {
      "mode": "managed",
      "type": "aws_instance",
      "name": "Ansible_App_Server",
      "provider": "provider[\"registry.terraform.io/hashicorp/aws\"]",
      "instances": [
        {
          "schema_version": 1,
          "attributes": {
            "ami": "ami-01d7b3abeb9d86b41",
            "arn": "arn:aws:ec2:eu-west-1:747678397339:instance/i-005ec41d82d10bb02",
            "associate_public_ip_address": true,
            "availability_zone": "eu-west-1b",
            "capacity_reservation_specification": [
              {
                "capacity_reservation_preference": "open",
                "capacity_reservation_target": []
              }
            ],
            "cpu_core_count": 1,
            "cpu_threads_per_core": 1,
            "credit_specification": [
              {
                "cpu_credits": "standard"
              }
            ],
            "disable_api_termination": false,
            "ebs_block_device": [],
            "ebs_optimized": false,
            "enclave_options": [
              {
                "enabled": false
              }
            ],
            "ephemeral_block_device": [],
            "get_password_data": false,
            "hibernation": false,
            "host_id": null,
            "iam_instance_profile": "",
            "id": "i-005ec41d82d10bb02",
            "instance_initiated_shutdown_behavior": "stop",
            "instance_state": "running",
            "instance_type": "t2.micro",
            "ipv6_address_count": 0,
            "ipv6_addresses": [],
            "key_name": "",
            "launch_template": [],
            "metadata_options": [
              {
                "http_endpoint": "enabled",
                "http_put_response_hop_limit": 1,
                "http_tokens": "optional",
                "instance_metadata_tags": "disabled"
              }
            ],
            "monitoring": false,
            "network_interface": [],
            "outpost_arn": "",
            "password_data": "",
            "placement_group": "",
            "placement_partition_number": null,
            "primary_network_interface_id": "eni-0888eccbaa3b6bb90",
            "private_dns": "ip-172-31-5-252.eu-west-1.compute.internal",
            "private_ip": "172.31.5.252",
            "public_dns": "ec2-54-195-233-213.eu-west-1.compute.amazonaws.com",
            "public_ip": "54.195.233.213",
            "root_block_device": [
              {
                "delete_on_termination": true,
                "device_name": "/dev/xvda",
                "encrypted": false,
                "iops": 100,
                "kms_key_id": "",
                "tags": {},
                "throughput": 0,
                "volume_id": "vol-0a9df86e760d5e137",
                "volume_size": 8,
                "volume_type": "gp2"
              }
            ],
            "secondary_private_ips": [],
            "security_groups": [
              "Ansible Security Group"
            ],
            "source_dest_check": true,
            "subnet_id": "subnet-005c249855123e9ae",
            "tags": {
              "Name": "Ansible-AppServer"
            },
            "tags_all": {
              "Name": "Ansible-AppServer"
            },
            "tenancy": "default",
            "timeouts": null,
            "user_data": "d7b19ed724958de6497e8bf242486c513f62705c",
            "user_data_base64": null,
            "volume_tags": null,
            "vpc_security_group_ids": [
              "sg-0e3c72138da87c20f"
            ]
          },
          "sensitive_attributes": [],
          "private": "eyJlMmJmYjczMC1lY2FhLTExZTYtOGY4OC0zNDM2M2JjN2M0YzAiOnsiY3JlYXRlIjo2MDAwMDAwMDAwMDAsImRlbGV0ZSI6MTIwMDAwMDAwMDAwMCwidXBkYXRlIjo2MDAwMDAwMDAwMDB9LCJzY2hlbWFfdmVyc2lvbiI6IjEifQ==",
          "dependencies": [
            "aws_security_group.MyLab_Sec_Group",
            "data.aws_ami.aws-linux-2-latest"
          ]
        }
      ]
    },
    {
      "mode": "managed",
      "type": "aws_instance",
      "name": "Ansible_Web_Server",
      "provider": "provider[\"registry.terraform.io/hashicorp/aws\"]",
      "instances": [
        {
          "schema_version": 1,
          "attributes": {
            "ami": "ami-01d7b3abeb9d86b41",
            "arn": "arn:aws:ec2:eu-west-1:747678397339:instance/i-00346bb1652857e17",
            "associate_public_ip_address": true,
            "availability_zone": "eu-west-1b",
            "capacity_reservation_specification": [
              {
                "capacity_reservation_preference": "open",
                "capacity_reservation_target": []
              }
            ],
            "cpu_core_count": 1,
            "cpu_threads_per_core": 1,
            "credit_specification": [
              {
                "cpu_credits": "standard"
              }
            ],
            "disable_api_termination": false,
            "ebs_block_device": [],
            "ebs_optimized": false,
            "enclave_options": [
              {
                "enabled": false
              }
            ],
            "ephemeral_block_device": [],
            "get_password_data": false,
            "hibernation": false,
            "host_id": null,
            "iam_instance_profile": "",
            "id": "i-00346bb1652857e17",
            "instance_initiated_shutdown_behavior": "stop",
            "instance_state": "running",
            "instance_type": "t2.micro",
            "ipv6_address_count": 0,
            "ipv6_addresses": [],
            "key_name": "",
            "launch_template": [],
            "metadata_options": [
              {
                "http_endpoint": "enabled",
                "http_put_response_hop_limit": 1,
                "http_tokens": "optional",
                "instance_metadata_tags": "disabled"
              }
            ],
            "monitoring": false,
            "network_interface": [],
            "outpost_arn": "",
            "password_data": "",
            "placement_group": "",
            "placement_partition_number": null,
            "primary_network_interface_id": "eni-0f06e4c5b65ad1f44",
            "private_dns": "ip-172-31-11-196.eu-west-1.compute.internal",
            "private_ip": "172.31.11.196",
            "public_dns": "ec2-3-254-83-205.eu-west-1.compute.amazonaws.com",
            "public_ip": "3.254.83.205",
            "root_block_device": [
              {
                "delete_on_termination": true,
                "device_name": "/dev/xvda",
                "encrypted": false,
                "iops": 100,
                "kms_key_id": "",
                "tags": {},
                "throughput": 0,
                "volume_id": "vol-0fffa1520038bdb5a",
                "volume_size": 8,
                "volume_type": "gp2"
              }
            ],
            "secondary_private_ips": [],
            "security_groups": [
              "Ansible Security Group"
            ],
            "source_dest_check": true,
            "subnet_id": "subnet-005c249855123e9ae",
            "tags": {
              "Name": "Ansible-WebServer"
            },
            "tags_all": {
              "Name": "Ansible-WebServer"
            },
            "tenancy": "default",
            "timeouts": null,
            "user_data": "d7b19ed724958de6497e8bf242486c513f62705c",
            "user_data_base64": null,
            "volume_tags": null,
            "vpc_security_group_ids": [
              "sg-0e3c72138da87c20f"
            ]
          },
          "sensitive_attributes": [],
          "private": "eyJlMmJmYjczMC1lY2FhLTExZTYtOGY4OC0zNDM2M2JjN2M0YzAiOnsiY3JlYXRlIjo2MDAwMDAwMDAwMDAsImRlbGV0ZSI6MTIwMDAwMDAwMDAwMCwidXBkYXRlIjo2MDAwMDAwMDAwMDB9LCJzY2hlbWFfdmVyc2lvbiI6IjEifQ==",
          "dependencies": [
            "aws_security_group.MyLab_Sec_Group",
            "data.aws_ami.aws-linux-2-latest"
          ]
        }
      ]
    },
    {
      "mode": "managed",
      "type": "aws_security_group",
      "name": "MyLab_Sec_Group",
      "provider": "provider[\"registry.terraform.io/hashicorp/aws\"]",
      "instances": [
        {
          "schema_version": 1,
          "attributes": {
            "arn": "arn:aws:ec2:eu-west-1:747678397339:security-group/sg-0e3c72138da87c20f",
            "description": "Allow inbound and outbound traffic",
            "egress": [
              {
                "cidr_blocks": [
                  "0.0.0.0/0"
                ],
                "description": "",
                "from_port": 0,
                "ipv6_cidr_blocks": [
                  "::/0"
                ],
                "prefix_list_ids": [],
                "protocol": "-1",
                "security_groups": [],
                "self": false,
                "to_port": 0
              }
            ],
            "id": "sg-0e3c72138da87c20f",
            "ingress": [
              {
                "cidr_blocks": [
                  "0.0.0.0/0"
                ],
                "description": "",
                "from_port": 22,
                "ipv6_cidr_blocks": [],
                "prefix_list_ids": [],
                "protocol": "tcp",
                "security_groups": [],
                "self": false,
                "to_port": 22
              },
              {
                "cidr_blocks": [
                  "0.0.0.0/0"
                ],
                "description": "",
                "from_port": 3306,
                "ipv6_cidr_blocks": [],
                "prefix_list_ids": [],
                "protocol": "tcp",
                "security_groups": [],
                "self": false,
                "to_port": 3306
              },
              {
                "cidr_blocks": [
                  "0.0.0.0/0"
                ],
                "description": "",
                "from_port": 8080,
                "ipv6_cidr_blocks": [],
                "prefix_list_ids": [],
                "protocol": "tcp",
                "security_groups": [],
                "self": false,
                "to_port": 8080
              },
              {
                "cidr_blocks": [
                  "0.0.0.0/0"
                ],
                "description": "",
                "from_port": 80,
                "ipv6_cidr_blocks": [],
                "prefix_list_ids": [],
                "protocol": "tcp",
                "security_groups": [],
                "self": false,
                "to_port": 80
              }
            ],
            "name": "Ansible Security Group",
            "name_prefix": "",
            "owner_id": "747678397339",
            "revoke_rules_on_delete": false,
            "tags": {
              "Name": "allow_trafic"
            },
            "tags_all": {
              "Name": "allow_trafic"
            },
            "timeouts": null,
            "vpc_id": "vpc-058d5f4781a0682d9"
          },
          "sensitive_attributes": [],
          "private": "eyJlMmJmYjczMC1lY2FhLTExZTYtOGY4OC0zNDM2M2JjN2M0YzAiOnsiY3JlYXRlIjo2MDAwMDAwMDAwMDAsImRlbGV0ZSI6OTAwMDAwMDAwMDAwfSwic2NoZW1hX3ZlcnNpb24iOiIxIn0="
        }
      ]
    },
    {
      "mode": "managed",
      "type": "local_file",
      "name": "inventory",
      "provider": "provider[\"registry.terraform.io/hashicorp/local\"]",
      "instances": [
        {
          "schema_version": 0,
          "attributes": {
            "content": "[webserver]\nweb ansible_host=172.31.11.196\n[appserver]\napp ansible_host=172.31.5.252\n[centos]\nweb\napp",
            "content_base64": null,
            "content_base64sha256": "YRxG+J/TEks3yfbz7oIvxaSszeglmo5C6oOOn+jyUwA=",
            "content_base64sha512": "fIHuLmo5Z6YlfW9gZ7vHj9li6zdrh7qt+vQbJYE++BYSha3zgysnjuCQ+luqscbNhFbYCxSUtmawyNmm2RVMlA==",
            "content_md5": "f47dcc2f402479c8a7e56cc1001a6989",
            "content_sha1": "4b591625ce7da9562a7873b10187a685e261a254",
            "content_sha256": "611c46f89fd3124b37c9f6f3ee822fc5a4accde8259a8e42ea838e9fe8f25300",
            "content_sha512": "7c81ee2e6a3967a6257d6f6067bbc78fd962eb376b87baadfaf41b25813ef8161285adf3832b278ee090fa5baab1c6cd8456d80b1494b666b0c8d9a6d9154c94",
            "directory_permission": "0777",
            "file_permission": "0777",
            "filename": "./files/hosts",
            "id": "4b591625ce7da9562a7873b10187a685e261a254",
            "sensitive_content": null,
            "source": null
          },
          "sensitive_attributes": [],
          "dependencies": [
            "aws_instance.Ansible_App_Server",
            "aws_instance.Ansible_Web_Server",
            "aws_security_group.MyLab_Sec_Group",
            "data.aws_ami.aws-linux-2-latest"
          ]
        }
      ]
    },
    {
      "mode": "managed",
      "type": "local_file",
      "name": "private_ips",
      "provider": "provider[\"registry.terraform.io/hashicorp/local\"]",
      "instances": [
        {
          "schema_version": 0,
          "attributes": {
            "content": "172.31.11.196\n172.31.5.252\n",
            "content_base64": null,
            "content_base64sha256": "hFRNMN3bM5pz7RprndEUS6Sz7BrHKqdTbOSCEq3P7q4=",
            "content_base64sha512": "t0U+brMgoMTXixY+7krnT8HRuoYmWjeCwr8U1ZqpSAC4RTBPFtuAZZZxZAyRGwbcuDdssEF+5UXmN55DOJgjVg==",
            "content_md5": "3d548fcbf67cb0a5707fb814ae68cef8",
            "content_sha1": "169d9626606b40ee5e6116a53d6ad9eda82f8522",
            "content_sha256": "84544d30dddb339a73ed1a6b9dd1144ba4b3ec1ac72aa7536ce48212adcfeeae",
            "content_sha512": "b7453e6eb320a0c4d78b163eee4ae74fc1d1ba86265a3782c2bf14d59aa94800b845304f16db80659671640c911b06dcb8376cb0417ee545e6379e4338982356",
            "directory_permission": "0777",
            "file_permission": "0777",
            "filename": "./scripts/private_ips.txt",
            "id": "169d9626606b40ee5e6116a53d6ad9eda82f8522",
            "sensitive_content": null,
            "source": null
          },
          "sensitive_attributes": [],
          "dependencies": [
            "aws_instance.AnsibleController",
            "aws_instance.Ansible_App_Server",
            "aws_instance.Ansible_Web_Server",
            "aws_security_group.MyLab_Sec_Group",
            "data.aws_ami.aws-linux-2-latest",
            "null_resource.wait_for_instance"
          ]
        }
      ]
    },
    {
      "mode": "managed",
      "type": "null_resource",
      "name": "running_playbooks",
      "provider": "provider[\"registry.terraform.io/hashicorp/null\"]",
      "instances": [
        {
          "schema_version": 0,
          "attributes": {
            "id": "7021790985521212541",
            "triggers": null
          },
          "sensitive_attributes": [],
          "dependencies": [
            "aws_instance.AnsibleController",
            "aws_instance.Ansible_App_Server",
            "aws_instance.Ansible_Web_Server",
            "aws_security_group.MyLab_Sec_Group",
            "data.aws_ami.aws-linux-2-latest",
            "local_file.private_ips",
            "null_resource.wait_for_instance"
          ]
        }
      ]
    },
    {
      "mode": "managed",
      "type": "null_resource",
      "name": "wait_for_instance",
      "provider": "provider[\"registry.terraform.io/hashicorp/null\"]",
      "instances": [
        {
          "schema_version": 0,
          "attributes": {
            "id": "858127992392170345",
            "triggers": null
          },
          "sensitive_attributes": [],
          "dependencies": [
            "aws_instance.AnsibleController",
            "aws_instance.Ansible_App_Server",
            "aws_instance.Ansible_Web_Server",
            "aws_security_group.MyLab_Sec_Group",
            "data.aws_ami.aws-linux-2-latest"
          ]
        }
      ]
    }
  ],
  "check_results": null
}
